
Microsoft Visual Studio Solution File, Format Version 12.00
# Visual Studio Version 16
VisualStudioVersion = 16.0.30717.126
MinimumVisualStudioVersion = 10.0.40219.1
Project("{FAE04EC0-301F-11D3-BF4B-00C04F79EFBC}") = "launcher", "launcher\launcher.csproj", "{CAF963A8-5B4C-4387-ACC6-07EB4DCED204}"
EndProject
Global
	GlobalSection(SolutionConfigurationPlatforms) = preSolution
		Debug|Any CPU = Debug|Any CPU
		Release|Any CPU = Release|Any CPU
	EndGlobalSection
	GlobalSection(ProjectConfigurationPlatforms) = postSolution
		{CAF963A8-5B4C-4387-ACC6-07EB4DCED204}.Debug|Any CPU.ActiveCfg = Debug|Any CPU
		{CAF963A8-5B4C-4387-ACC6-07EB4DCED204}.Debug|Any CPU.Build.0 = Debug|Any CPU
		{CAF963A8-5B4C-4387-ACC6-07EB4DCED204}.Release|Any CPU.ActiveCfg = Release|Any CPU
		{CAF963A8-5B4C-4387-ACC6-07EB4DCED204}.Release|Any CPU.Build.0 = Release|Any CPU
	EndGlobalSection
	GlobalSection(SolutionProperties) = preSolution
		HideSolutionNode = FALSE
	EndGlobalSection
	GlobalSection(ExtensibilityGlobals) = postSolution
		SolutionGuid = {369A8E0F-E38F-47BE-AC0A-42306B572BCA}
	EndGlobalSection
EndGlobal
